{
  "version": 4,
  "terraform_version": "1.7.3",
  "serial": 6,
  "lineage": "89d5fe97-7567-e18f-88d0-16a4652519c7",
  "outputs": {},
  "resources": [
    {
      "mode": "managed",
      "type": "azurerm_app_service_source_control",
      "name": "deyordanov_source_control",
      "provider": "provider[\"registry.terraform.io/hashicorp/azurerm\"]",
      "instances": [
        {
          "schema_version": 0,
          "attributes": {
            "app_id": "/subscriptions/9a364bdb-d721-46ff-8ea2-b93cc6d88aa4/resourceGroups/ContactBooksRG96702/providers/Microsoft.Web/sites/ContactBookLWA96702",
            "branch": "master",
            "github_action_configuration": [],
            "id": "/subscriptions/9a364bdb-d721-46ff-8ea2-b93cc6d88aa4/resourceGroups/ContactBooksRG96702/providers/Microsoft.Web/sites/ContactBookLWA96702",
            "repo_url": "https://github.com/nakov/ContactBook",
            "rollback_enabled": false,
            "scm_type": "ExternalGit",
            "timeouts": null,
            "use_local_git": false,
            "use_manual_integration": true,
            "use_mercurial": false,
            "uses_github_action": false
          },
          "sensitive_attributes": [],
          "private": "eyJlMmJmYjczMC1lY2FhLTExZTYtOGY4OC0zNDM2M2JjN2M0YzAiOnsiY3JlYXRlIjoxODAwMDAwMDAwMDAwLCJkZWxldGUiOjE4MDAwMDAwMDAwMDAsInJlYWQiOjMwMDAwMDAwMDAwMH19",
          "dependencies": [
            "azurerm_linux_web_app.deyordanov_linux_web_app",
            "azurerm_resource_group.deyordanov_RG",
            "azurerm_service_plan.deyordanov_service_plan",
            "random_integer.ri"
          ]
        }
      ]
    },
    {
      "mode": "managed",
      "type": "azurerm_linux_web_app",
      "name": "deyordanov_linux_web_app",
      "provider": "provider[\"registry.terraform.io/hashicorp/azurerm\"]",
      "instances": [
        {
          "schema_version": 1,
          "attributes": {
            "app_settings": null,
            "auth_settings": [],
            "auth_settings_v2": [],
            "backup": [],
            "client_affinity_enabled": false,
            "client_certificate_enabled": false,
            "client_certificate_exclusion_paths": "",
            "client_certificate_mode": "Required",
            "connection_string": [],
            "custom_domain_verification_id": "80F7C26527907247908C92FE13A566B66AAAE5E0E97099023DAAF06F181FB056",
            "default_hostname": "contactbooklwa96702.azurewebsites.net",
            "enabled": true,
            "ftp_publish_basic_authentication_enabled": true,
            "hosting_environment_id": "",
            "https_only": false,
            "id": "/subscriptions/9a364bdb-d721-46ff-8ea2-b93cc6d88aa4/resourceGroups/ContactBooksRG96702/providers/Microsoft.Web/sites/ContactBookLWA96702",
            "identity": [],
            "key_vault_reference_identity_id": "SystemAssigned",
            "kind": "app,linux",
            "location": "westeurope",
            "logs": [],
            "name": "ContactBookLWA96702",
            "outbound_ip_address_list": [
              "51.136.72.238",
              "51.136.73.14",
              "51.136.74.3",
              "51.136.74.121",
              "51.136.75.23",
              "51.136.75.49",
              "20.105.224.19"
            ],
            "outbound_ip_addresses": "51.136.72.238,51.136.73.14,51.136.74.3,51.136.74.121,51.136.75.23,51.136.75.49,20.105.224.19",
            "possible_outbound_ip_address_list": [
              "51.136.72.238",
              "51.136.73.14",
              "51.136.74.3",
              "51.136.74.121",
              "51.136.75.23",
              "51.136.75.49",
              "51.136.75.84",
              "51.136.76.175",
              "51.136.77.106",
              "51.136.77.238",
              "51.136.78.156",
              "51.136.79.17",
              "40.114.184.79",
              "40.114.184.131",
              "40.114.184.201",
              "40.114.185.12",
              "40.114.185.81",
              "40.114.185.102",
              "40.114.185.140",
              "40.114.185.212",
              "40.114.186.17",
              "40.114.186.88",
              "40.114.186.171",
              "40.114.187.70",
              "20.105.224.19"
            ],
            "possible_outbound_ip_addresses": "51.136.72.238,51.136.73.14,51.136.74.3,51.136.74.121,51.136.75.23,51.136.75.49,51.136.75.84,51.136.76.175,51.136.77.106,51.136.77.238,51.136.78.156,51.136.79.17,40.114.184.79,40.114.184.131,40.114.184.201,40.114.185.12,40.114.185.81,40.114.185.102,40.114.185.140,40.114.185.212,40.114.186.17,40.114.186.88,40.114.186.171,40.114.187.70,20.105.224.19",
            "public_network_access_enabled": true,
            "resource_group_name": "ContactBooksRG96702",
            "service_plan_id": "/subscriptions/9a364bdb-d721-46ff-8ea2-b93cc6d88aa4/resourceGroups/ContactBooksRG96702/providers/Microsoft.Web/serverFarms/ContactBookSP96702",
            "site_config": [
              {
                "always_on": false,
                "api_definition_url": "",
                "api_management_api_id": "",
                "app_command_line": "",
                "application_stack": [
                  {
                    "docker_image": "",
                    "docker_image_name": "",
                    "docker_image_tag": "",
                    "docker_registry_password": "",
                    "docker_registry_url": "",
                    "docker_registry_username": "",
                    "dotnet_version": "",
                    "go_version": "",
                    "java_server": "",
                    "java_server_version": "",
                    "java_version": "",
                    "node_version": "16-lts",
                    "php_version": "",
                    "python_version": "",
                    "ruby_version": ""
                  }
                ],
                "auto_heal_enabled": false,
                "auto_heal_setting": [],
                "container_registry_managed_identity_client_id": "",
                "container_registry_use_managed_identity": false,
                "cors": [],
                "default_documents": [
                  "Default.htm",
                  "Default.html",
                  "Default.asp",
                  "index.htm",
                  "index.html",
                  "iisstart.htm",
                  "default.aspx",
                  "index.php",
                  "hostingstart.html"
                ],
                "detailed_error_logging_enabled": false,
                "ftps_state": "Disabled",
                "health_check_eviction_time_in_min": 0,
                "health_check_path": "",
                "http2_enabled": false,
                "ip_restriction": [],
                "linux_fx_version": "NODE|16-lts",
                "load_balancing_mode": "LeastRequests",
                "local_mysql_enabled": false,
                "managed_pipeline_mode": "Integrated",
                "minimum_tls_version": "1.2",
                "remote_debugging_enabled": false,
                "remote_debugging_version": "VS2019",
                "scm_ip_restriction": [],
                "scm_minimum_tls_version": "1.2",
                "scm_type": "None",
                "scm_use_main_ip_restriction": false,
                "use_32_bit_worker": true,
                "vnet_route_all_enabled": false,
                "websockets_enabled": false,
                "worker_count": 1
              }
            ],
            "site_credential": [
              {
                "name": "$ContactBookLWA96702",
                "password": "t2SQwuxx1NZcgpPTifl5vD4PHGxRZmdHw3GWo131jNu50tQ20gvE6pTTln3G"
              }
            ],
            "sticky_settings": [],
            "storage_account": [],
            "tags": null,
            "timeouts": null,
            "virtual_network_subnet_id": "",
            "webdeploy_publish_basic_authentication_enabled": true,
            "zip_deploy_file": ""
          },
          "sensitive_attributes": [],
          "private": "eyJlMmJmYjczMC1lY2FhLTExZTYtOGY4OC0zNDM2M2JjN2M0YzAiOnsiY3JlYXRlIjoxODAwMDAwMDAwMDAwLCJkZWxldGUiOjE4MDAwMDAwMDAwMDAsInJlYWQiOjMwMDAwMDAwMDAwMCwidXBkYXRlIjoxODAwMDAwMDAwMDAwfSwic2NoZW1hX3ZlcnNpb24iOiIxIn0=",
          "dependencies": [
            "azurerm_resource_group.deyordanov_RG",
            "azurerm_service_plan.deyordanov_service_plan",
            "random_integer.ri"
          ]
        }
      ]
    },
    {
      "mode": "managed",
      "type": "azurerm_resource_group",
      "name": "deyordanov_RG",
      "provider": "provider[\"registry.terraform.io/hashicorp/azurerm\"]",
      "instances": [
        {
          "schema_version": 0,
          "attributes": {
            "id": "/subscriptions/9a364bdb-d721-46ff-8ea2-b93cc6d88aa4/resourceGroups/ContactBooksRG96702",
            "location": "westeurope",
            "managed_by": "",
            "name": "ContactBooksRG96702",
            "tags": null,
            "timeouts": null
          },
          "sensitive_attributes": [],
          "private": "eyJlMmJmYjczMC1lY2FhLTExZTYtOGY4OC0zNDM2M2JjN2M0YzAiOnsiY3JlYXRlIjo1NDAwMDAwMDAwMDAwLCJkZWxldGUiOjU0MDAwMDAwMDAwMDAsInJlYWQiOjMwMDAwMDAwMDAwMCwidXBkYXRlIjo1NDAwMDAwMDAwMDAwfX0=",
          "dependencies": [
            "random_integer.ri"
          ]
        }
      ]
    },
    {
      "mode": "managed",
      "type": "azurerm_service_plan",
      "name": "deyordanov_service_plan",
      "provider": "provider[\"registry.terraform.io/hashicorp/azurerm\"]",
      "instances": [
        {
          "schema_version": 1,
          "attributes": {
            "app_service_environment_id": "",
            "id": "/subscriptions/9a364bdb-d721-46ff-8ea2-b93cc6d88aa4/resourceGroups/ContactBooksRG96702/providers/Microsoft.Web/serverFarms/ContactBookSP96702",
            "kind": "linux",
            "location": "westeurope",
            "maximum_elastic_worker_count": 1,
            "name": "ContactBookSP96702",
            "os_type": "Linux",
            "per_site_scaling_enabled": false,
            "reserved": true,
            "resource_group_name": "ContactBooksRG96702",
            "sku_name": "F1",
            "tags": null,
            "timeouts": null,
            "worker_count": 1,
            "zone_balancing_enabled": false
          },
          "sensitive_attributes": [],
          "private": "eyJlMmJmYjczMC1lY2FhLTExZTYtOGY4OC0zNDM2M2JjN2M0YzAiOnsiY3JlYXRlIjozNjAwMDAwMDAwMDAwLCJkZWxldGUiOjM2MDAwMDAwMDAwMDAsInJlYWQiOjMwMDAwMDAwMDAwMCwidXBkYXRlIjozNjAwMDAwMDAwMDAwfSwic2NoZW1hX3ZlcnNpb24iOiIxIn0=",
          "dependencies": [
            "azurerm_resource_group.deyordanov_RG",
            "random_integer.ri"
          ]
        }
      ]
    },
    {
      "mode": "managed",
      "type": "random_integer",
      "name": "ri",
      "provider": "provider[\"registry.terraform.io/hashicorp/random\"]",
      "instances": [
        {
          "schema_version": 0,
          "attributes": {
            "id": "96702",
            "keepers": null,
            "max": 99999,
            "min": 10000,
            "result": 96702,
            "seed": null
          },
          "sensitive_attributes": []
        }
      ]
    }
  ],
  "check_results": null
}
