
Microsoft Visual Studio Solution File, Format Version 12.00
# Visual Studio Version 17
VisualStudioVersion = 17.7.34031.279
MinimumVisualStudioVersion = 10.0.40219.1
Project("{9A19103F-16F7-4668-BE54-9A1E7A4F7556}") = "PriorityQueue", "PriorityQueue\PriorityQueue.csproj", "{3DB0D8CA-F5D0-47F3-BAF5-4D3AAD3AEB9D}"
EndProject
Project("{FAE04EC0-301F-11D3-BF4B-00C04F79EFBC}") = "DoubleEndedQueue", "DoubleEndedQueue\DoubleEndedQueue.csproj", "{64AB3B3C-7D9D-4965-B22C-782AE31EBF00}"
EndProject
Global
	GlobalSection(SolutionConfigurationPlatforms) = preSolution
		Debug|Any CPU = Debug|Any CPU
		Release|Any CPU = Release|Any CPU
	EndGlobalSection
	GlobalSection(ProjectConfigurationPlatforms) = postSolution
		{3DB0D8CA-F5D0-47F3-BAF5-4D3AAD3AEB9D}.Debug|Any CPU.ActiveCfg = Debug|Any CPU
		{3DB0D8CA-F5D0-47F3-BAF5-4D3AAD3AEB9D}.Debug|Any CPU.Build.0 = Debug|Any CPU
		{3DB0D8CA-F5D0-47F3-BAF5-4D3AAD3AEB9D}.Release|Any CPU.ActiveCfg = Release|Any CPU
		{3DB0D8CA-F5D0-47F3-BAF5-4D3AAD3AEB9D}.Release|Any CPU.Build.0 = Release|Any CPU
		{64AB3B3C-7D9D-4965-B22C-782AE31EBF00}.Debug|Any CPU.ActiveCfg = Debug|Any CPU
		{64AB3B3C-7D9D-4965-B22C-782AE31EBF00}.Debug|Any CPU.Build.0 = Debug|Any CPU
		{64AB3B3C-7D9D-4965-B22C-782AE31EBF00}.Release|Any CPU.ActiveCfg = Release|Any CPU
		{64AB3B3C-7D9D-4965-B22C-782AE31EBF00}.Release|Any CPU.Build.0 = Release|Any CPU
	EndGlobalSection
	GlobalSection(SolutionProperties) = preSolution
		HideSolutionNode = FALSE
	EndGlobalSection
	GlobalSection(ExtensibilityGlobals) = postSolution
		SolutionGuid = {99274A92-7D59-446E-9C80-98F7D9C1A797}
	EndGlobalSection
EndGlobal
