
Microsoft Visual Studio Solution File, Format Version 12.00
# Visual Studio Version 17
VisualStudioVersion = 17.9.34607.119
MinimumVisualStudioVersion = 10.0.40219.1
Project("{9A19103F-16F7-4668-BE54-9A1E7A4F7556}") = "ChainOfResponsibilityDesignPattern", "ChainOfResponsibilityDesignPattern\ChainOfResponsibilityDesignPattern.csproj", "{BBD40288-9717-4B06-811F-35FC8ECD25D6}"
EndProject
Project("{9A19103F-16F7-4668-BE54-9A1E7A4F7556}") = "CommandDesignPattern", "CommandDesignPattern\CommandDesignPattern.csproj", "{4EAD6843-FD2C-4D84-900F-1E12301F9ADC}"
EndProject
Project("{9A19103F-16F7-4668-BE54-9A1E7A4F7556}") = "TemplateMethodDesignPattern", "TemplateMethodDesignPattern\TemplateMethodDesignPattern.csproj", "{948BC748-EA1E-448E-B788-18B4CF7A8306}"
EndProject
Project("{9A19103F-16F7-4668-BE54-9A1E7A4F7556}") = "VisitorDesignPattern", "VisitorDesignPattern\VisitorDesignPattern.csproj", "{D408C690-1B60-4166-8484-4CAD844D27FA}"
EndProject
Project("{9A19103F-16F7-4668-BE54-9A1E7A4F7556}") = "MediatorDesignPattern", "MediatorDesignPattern\MediatorDesignPattern.csproj", "{82966E30-C4EA-4871-8171-6B085930284B}"
EndProject
Project("{9A19103F-16F7-4668-BE54-9A1E7A4F7556}") = "MementoDesignPattern", "MementoDesignPattern\MementoDesignPattern.csproj", "{7A27F05F-D0A2-4966-BE1D-EECED04B609F}"
EndProject
Project("{9A19103F-16F7-4668-BE54-9A1E7A4F7556}") = "ObserverDesignPattern", "ObserverDesignPattern\ObserverDesignPattern.csproj", "{55A2814B-C4C6-4946-B4FE-FD5203414BC2}"
EndProject
Project("{FAE04EC0-301F-11D3-BF4B-00C04F79EFBC}") = "StateDesignPattern", "StateDesignPattern\StateDesignPattern.csproj", "{2F9A8A8A-E263-4D67-B50A-FCA6EE7B827A}"
EndProject
Project("{FAE04EC0-301F-11D3-BF4B-00C04F79EFBC}") = "StrategyDesignPattern", "StrategyDesignPattern\StrategyDesignPattern.csproj", "{63E01C92-2129-485A-B863-CF3D97628311}"
EndProject
Global
	GlobalSection(SolutionConfigurationPlatforms) = preSolution
		Debug|Any CPU = Debug|Any CPU
		Release|Any CPU = Release|Any CPU
	EndGlobalSection
	GlobalSection(ProjectConfigurationPlatforms) = postSolution
		{BBD40288-9717-4B06-811F-35FC8ECD25D6}.Debug|Any CPU.ActiveCfg = Debug|Any CPU
		{BBD40288-9717-4B06-811F-35FC8ECD25D6}.Debug|Any CPU.Build.0 = Debug|Any CPU
		{BBD40288-9717-4B06-811F-35FC8ECD25D6}.Release|Any CPU.ActiveCfg = Release|Any CPU
		{BBD40288-9717-4B06-811F-35FC8ECD25D6}.Release|Any CPU.Build.0 = Release|Any CPU
		{4EAD6843-FD2C-4D84-900F-1E12301F9ADC}.Debug|Any CPU.ActiveCfg = Debug|Any CPU
		{4EAD6843-FD2C-4D84-900F-1E12301F9ADC}.Debug|Any CPU.Build.0 = Debug|Any CPU
		{4EAD6843-FD2C-4D84-900F-1E12301F9ADC}.Release|Any CPU.ActiveCfg = Release|Any CPU
		{4EAD6843-FD2C-4D84-900F-1E12301F9ADC}.Release|Any CPU.Build.0 = Release|Any CPU
		{948BC748-EA1E-448E-B788-18B4CF7A8306}.Debug|Any CPU.ActiveCfg = Debug|Any CPU
		{948BC748-EA1E-448E-B788-18B4CF7A8306}.Debug|Any CPU.Build.0 = Debug|Any CPU
		{948BC748-EA1E-448E-B788-18B4CF7A8306}.Release|Any CPU.ActiveCfg = Release|Any CPU
		{948BC748-EA1E-448E-B788-18B4CF7A8306}.Release|Any CPU.Build.0 = Release|Any CPU
		{D408C690-1B60-4166-8484-4CAD844D27FA}.Debug|Any CPU.ActiveCfg = Debug|Any CPU
		{D408C690-1B60-4166-8484-4CAD844D27FA}.Debug|Any CPU.Build.0 = Debug|Any CPU
		{D408C690-1B60-4166-8484-4CAD844D27FA}.Release|Any CPU.ActiveCfg = Release|Any CPU
		{D408C690-1B60-4166-8484-4CAD844D27FA}.Release|Any CPU.Build.0 = Release|Any CPU
		{82966E30-C4EA-4871-8171-6B085930284B}.Debug|Any CPU.ActiveCfg = Debug|Any CPU
		{82966E30-C4EA-4871-8171-6B085930284B}.Debug|Any CPU.Build.0 = Debug|Any CPU
		{82966E30-C4EA-4871-8171-6B085930284B}.Release|Any CPU.ActiveCfg = Release|Any CPU
		{82966E30-C4EA-4871-8171-6B085930284B}.Release|Any CPU.Build.0 = Release|Any CPU
		{7A27F05F-D0A2-4966-BE1D-EECED04B609F}.Debug|Any CPU.ActiveCfg = Debug|Any CPU
		{7A27F05F-D0A2-4966-BE1D-EECED04B609F}.Debug|Any CPU.Build.0 = Debug|Any CPU
		{7A27F05F-D0A2-4966-BE1D-EECED04B609F}.Release|Any CPU.ActiveCfg = Release|Any CPU
		{7A27F05F-D0A2-4966-BE1D-EECED04B609F}.Release|Any CPU.Build.0 = Release|Any CPU
		{55A2814B-C4C6-4946-B4FE-FD5203414BC2}.Debug|Any CPU.ActiveCfg = Debug|Any CPU
		{55A2814B-C4C6-4946-B4FE-FD5203414BC2}.Debug|Any CPU.Build.0 = Debug|Any CPU
		{55A2814B-C4C6-4946-B4FE-FD5203414BC2}.Release|Any CPU.ActiveCfg = Release|Any CPU
		{55A2814B-C4C6-4946-B4FE-FD5203414BC2}.Release|Any CPU.Build.0 = Release|Any CPU
		{2F9A8A8A-E263-4D67-B50A-FCA6EE7B827A}.Debug|Any CPU.ActiveCfg = Debug|Any CPU
		{2F9A8A8A-E263-4D67-B50A-FCA6EE7B827A}.Debug|Any CPU.Build.0 = Debug|Any CPU
		{2F9A8A8A-E263-4D67-B50A-FCA6EE7B827A}.Release|Any CPU.ActiveCfg = Release|Any CPU
		{2F9A8A8A-E263-4D67-B50A-FCA6EE7B827A}.Release|Any CPU.Build.0 = Release|Any CPU
		{63E01C92-2129-485A-B863-CF3D97628311}.Debug|Any CPU.ActiveCfg = Debug|Any CPU
		{63E01C92-2129-485A-B863-CF3D97628311}.Debug|Any CPU.Build.0 = Debug|Any CPU
		{63E01C92-2129-485A-B863-CF3D97628311}.Release|Any CPU.ActiveCfg = Release|Any CPU
		{63E01C92-2129-485A-B863-CF3D97628311}.Release|Any CPU.Build.0 = Release|Any CPU
	EndGlobalSection
	GlobalSection(SolutionProperties) = preSolution
		HideSolutionNode = FALSE
	EndGlobalSection
	GlobalSection(ExtensibilityGlobals) = postSolution
		SolutionGuid = {0E11323B-0D8A-4CDF-BC4C-BCE0E376D3C9}
	EndGlobalSection
EndGlobal
