
Microsoft Visual Studio Solution File, Format Version 12.00
# Visual Studio Version 17
VisualStudioVersion = 17.9.34607.119
MinimumVisualStudioVersion = 10.0.40219.1
Project("{FAE04EC0-301F-11D3-BF4B-00C04F79EFBC}") = "SingletonDesignPattern", "SingletonDesignPattern\SingletonDesignPattern.csproj", "{5B9E873C-DC8C-46CD-A6D7-0648A0B893B9}"
EndProject
Project("{FAE04EC0-301F-11D3-BF4B-00C04F79EFBC}") = "FactoryMethodDesignPattern", "FactoryMethodDesignPattern\FactoryMethodDesignPattern.csproj", "{B6AEBF58-ADC1-428A-B204-0A373406F797}"
EndProject
Global
	GlobalSection(SolutionConfigurationPlatforms) = preSolution
		Debug|Any CPU = Debug|Any CPU
		Release|Any CPU = Release|Any CPU
	EndGlobalSection
	GlobalSection(ProjectConfigurationPlatforms) = postSolution
		{5B9E873C-DC8C-46CD-A6D7-0648A0B893B9}.Debug|Any CPU.ActiveCfg = Debug|Any CPU
		{5B9E873C-DC8C-46CD-A6D7-0648A0B893B9}.Debug|Any CPU.Build.0 = Debug|Any CPU
		{5B9E873C-DC8C-46CD-A6D7-0648A0B893B9}.Release|Any CPU.ActiveCfg = Release|Any CPU
		{5B9E873C-DC8C-46CD-A6D7-0648A0B893B9}.Release|Any CPU.Build.0 = Release|Any CPU
		{B6AEBF58-ADC1-428A-B204-0A373406F797}.Debug|Any CPU.ActiveCfg = Debug|Any CPU
		{B6AEBF58-ADC1-428A-B204-0A373406F797}.Debug|Any CPU.Build.0 = Debug|Any CPU
		{B6AEBF58-ADC1-428A-B204-0A373406F797}.Release|Any CPU.ActiveCfg = Release|Any CPU
		{B6AEBF58-ADC1-428A-B204-0A373406F797}.Release|Any CPU.Build.0 = Release|Any CPU
	EndGlobalSection
	GlobalSection(SolutionProperties) = preSolution
		HideSolutionNode = FALSE
	EndGlobalSection
	GlobalSection(ExtensibilityGlobals) = postSolution
		SolutionGuid = {A7335582-3257-453B-8661-D2016A682386}
	EndGlobalSection
EndGlobal
